
Microsoft Visual Studio Solution File, Format Version 12.00
# Visual Studio Version 17
VisualStudioVersion = 17.8.34330.188
MinimumVisualStudioVersion = 10.0.40219.1
Project("{FAE04EC0-301F-11D3-BF4B-00C04F79EFBC}") = "Tabuada de loop", "Tabuada de loop.csproj", "{812A5DAB-E7B0-4208-B750-3B33D90137FE}"
EndProject
Global
	GlobalSection(SolutionConfigurationPlatforms) = preSolution
		Debug|Any CPU = Debug|Any CPU
		Release|Any CPU = Release|Any CPU
	EndGlobalSection
	GlobalSection(ProjectConfigurationPlatforms) = postSolution
		{812A5DAB-E7B0-4208-B750-3B33D90137FE}.Debug|Any CPU.ActiveCfg = Debug|Any CPU
		{812A5DAB-E7B0-4208-B750-3B33D90137FE}.Debug|Any CPU.Build.0 = Debug|Any CPU
		{812A5DAB-E7B0-4208-B750-3B33D90137FE}.Release|Any CPU.ActiveCfg = Release|Any CPU
		{812A5DAB-E7B0-4208-B750-3B33D90137FE}.Release|Any CPU.Build.0 = Release|Any CPU
	EndGlobalSection
	GlobalSection(SolutionProperties) = preSolution
		HideSolutionNode = FALSE
	EndGlobalSection
	GlobalSection(ExtensibilityGlobals) = postSolution
		SolutionGuid = {394A0B5A-D15C-44C3-9EDE-5D4E914A34C0}
	EndGlobalSection
EndGlobal
