
Microsoft Visual Studio Solution File, Format Version 12.00
# Visual Studio Version 17
VisualStudioVersion = 17.4.33213.308
MinimumVisualStudioVersion = 10.0.40219.1
Project("{FAE04EC0-301F-11D3-BF4B-00C04F79EFBC}") = "Atividade 10", "Atividade 10.csproj", "{0F98F9BD-D7AD-4B83-AA41-6D9A634DEA00}"
EndProject
Global
	GlobalSection(SolutionConfigurationPlatforms) = preSolution
		Debug|Any CPU = Debug|Any CPU
		Release|Any CPU = Release|Any CPU
	EndGlobalSection
	GlobalSection(ProjectConfigurationPlatforms) = postSolution
		{0F98F9BD-D7AD-4B83-AA41-6D9A634DEA00}.Debug|Any CPU.ActiveCfg = Debug|Any CPU
		{0F98F9BD-D7AD-4B83-AA41-6D9A634DEA00}.Debug|Any CPU.Build.0 = Debug|Any CPU
		{0F98F9BD-D7AD-4B83-AA41-6D9A634DEA00}.Release|Any CPU.ActiveCfg = Release|Any CPU
		{0F98F9BD-D7AD-4B83-AA41-6D9A634DEA00}.Release|Any CPU.Build.0 = Release|Any CPU
	EndGlobalSection
	GlobalSection(SolutionProperties) = preSolution
		HideSolutionNode = FALSE
	EndGlobalSection
	GlobalSection(ExtensibilityGlobals) = postSolution
		SolutionGuid = {F1B7585E-3CCD-48AC-9AC9-8D83C7144AD0}
	EndGlobalSection
EndGlobal
